
Microsoft Visual Studio Solution File, Format Version 12.00
# Visual Studio 15
VisualStudioVersion = 15.0.28307.168
MinimumVisualStudioVersion = 10.0.40219.1
Project("{FAE04EC0-301F-11D3-BF4B-00C04F79EFBC}") = "ArduinoServo", "ArduinoServo\ArduinoServo.csproj", "{C5AB45B4-2B13-4F08-A02B-3C8F76FF3722}"
EndProject
Project("{FAE04EC0-301F-11D3-BF4B-00C04F79EFBC}") = "TestDrive", "TestDrive\TestDrive.csproj", "{2FF61577-E915-41C8-9A71-6D54721A98A8}"
EndProject
Global
	GlobalSection(SolutionConfigurationPlatforms) = preSolution
		Debug|Any CPU = Debug|Any CPU
		Release|Any CPU = Release|Any CPU
	EndGlobalSection
	GlobalSection(ProjectConfigurationPlatforms) = postSolution
		{C5AB45B4-2B13-4F08-A02B-3C8F76FF3722}.Debug|Any CPU.ActiveCfg = Debug|Any CPU
		{C5AB45B4-2B13-4F08-A02B-3C8F76FF3722}.Debug|Any CPU.Build.0 = Debug|Any CPU
		{C5AB45B4-2B13-4F08-A02B-3C8F76FF3722}.Release|Any CPU.ActiveCfg = Release|Any CPU
		{C5AB45B4-2B13-4F08-A02B-3C8F76FF3722}.Release|Any CPU.Build.0 = Release|Any CPU
		{2FF61577-E915-41C8-9A71-6D54721A98A8}.Debug|Any CPU.ActiveCfg = Debug|Any CPU
		{2FF61577-E915-41C8-9A71-6D54721A98A8}.Debug|Any CPU.Build.0 = Debug|Any CPU
		{2FF61577-E915-41C8-9A71-6D54721A98A8}.Release|Any CPU.ActiveCfg = Release|Any CPU
		{2FF61577-E915-41C8-9A71-6D54721A98A8}.Release|Any CPU.Build.0 = Release|Any CPU
	EndGlobalSection
	GlobalSection(SolutionProperties) = preSolution
		HideSolutionNode = FALSE
	EndGlobalSection
	GlobalSection(ExtensibilityGlobals) = postSolution
		SolutionGuid = {82B27D89-FF77-41A0-B8CB-46AB3B5DDEFC}
	EndGlobalSection
EndGlobal
